<?xml version="1.0" encoding="utf-8"?>
<Project ToolsVersion="4.0" xmlns="http://schemas.microsoft.com/developer/msbuild/2003">
  <ItemGroup>
    <Filter Include="1.链表">
      <UniqueIdentifier>{cd723b4b-0ff8-4c1d-a7d9-90d5b1d6cb23}</UniqueIdentifier>
    </Filter>
    <Filter Include="2.树">
      <UniqueIdentifier>{d692c220-8970-4249-a7f6-ac68ddcb8e71}</UniqueIdentifier>
    </Filter>
    <Filter Include="2.树\二叉搜索树">
      <UniqueIdentifier>{39470473-5753-4f4c-99ac-6e734dda1f83}</UniqueIdentifier>
    </Filter>
    <Filter Include="3.图">
      <UniqueIdentifier>{42b4a9c2-256c-4e5f-a0ea-f2119f8e6c24}</UniqueIdentifier>
    </Filter>
    <Filter Include="4.搜索问题">
      <UniqueIdentifier>{4f75fd83-d763-4309-9632-99f092e3da1f}</UniqueIdentifier>
    </Filter>
    <Filter Include="4.搜索问题\回溯问题">
      <UniqueIdentifier>{07184db8-171c-4208-8619-d5d0b41b114b}</UniqueIdentifier>
    </Filter>
    <Filter Include="6.贪心">
      <UniqueIdentifier>{2031694a-fa4c-4bd4-b163-178f91549b81}</UniqueIdentifier>
    </Filter>
    <Filter Include="3.图\欧拉路径">
      <UniqueIdentifier>{395a00d2-ec97-489a-866c-e00c2a063813}</UniqueIdentifier>
    </Filter>
    <Filter Include="3.图\拓扑排序">
      <UniqueIdentifier>{4f1d76b4-0835-4f80-9edc-dfc2f72703a5}</UniqueIdentifier>
    </Filter>
    <Filter Include="0.字符串">
      <UniqueIdentifier>{ab0fda00-3c96-42dc-8a60-f93402a84477}</UniqueIdentifier>
    </Filter>
    <Filter Include="7.并查集">
      <UniqueIdentifier>{952accc8-9248-4228-b375-9d4197660074}</UniqueIdentifier>
    </Filter>
    <Filter Include="8.滑动窗口问题">
      <UniqueIdentifier>{545b3251-8643-4cfb-a2e4-ad93d2fcea40}</UniqueIdentifier>
    </Filter>
    <Filter Include="9.数学问题">
      <UniqueIdentifier>{08d14efc-588d-4fbf-9cde-1ae7591524e8}</UniqueIdentifier>
    </Filter>
    <Filter Include="10.数组问题">
      <UniqueIdentifier>{e5f3003a-9a47-44a7-a3af-4f905c1665a8}</UniqueIdentifier>
    </Filter>
    <Filter Include="11.双指针法">
      <UniqueIdentifier>{adc7181a-bcd1-4d61-9229-e60d20b49ff9}</UniqueIdentifier>
    </Filter>
    <Filter Include="12.字典树">
      <UniqueIdentifier>{87d8dfe5-7542-49ec-ad67-625e3c5df6d3}</UniqueIdentifier>
    </Filter>
    <Filter Include="13.位运算">
      <UniqueIdentifier>{9800441d-8752-428d-9c28-90b018255e01}</UniqueIdentifier>
    </Filter>
    <Filter Include="2.树\平衡二叉树">
      <UniqueIdentifier>{b13219e8-bcc2-4e29-a2cb-a69a9b1473ad}</UniqueIdentifier>
    </Filter>
    <Filter Include="2.树\二叉树的遍历">
      <UniqueIdentifier>{8de0cf1d-2b58-43ec-ae72-ba5ea9d5519d}</UniqueIdentifier>
    </Filter>
    <Filter Include="2.树\二叉树">
      <UniqueIdentifier>{fc4cbfaa-0c3c-44c8-ab6e-f61f179639f7}</UniqueIdentifier>
    </Filter>
    <Filter Include="2.树\二叉树的序列化">
      <UniqueIdentifier>{3189fcf2-7b07-42db-836b-6b90aa75cdcb}</UniqueIdentifier>
    </Filter>
    <Filter Include="14.二分查找">
      <UniqueIdentifier>{78796ea0-9698-4ae9-b795-6d815e98fd90}</UniqueIdentifier>
    </Filter>
    <Filter Include="5.dp问题">
      <UniqueIdentifier>{0fcbb175-3f2a-42fc-8feb-c3c495ddb984}</UniqueIdentifier>
    </Filter>
    <Filter Include="5.dp问题\背包问题">
      <UniqueIdentifier>{28b55843-8b92-499b-9751-dd716ebe173e}</UniqueIdentifier>
    </Filter>
    <Filter Include="5.dp问题\股票问题">
      <UniqueIdentifier>{da252f7c-1998-403e-9d4c-25179a486bf1}</UniqueIdentifier>
    </Filter>
    <Filter Include="5.dp问题\1.线性DP">
      <UniqueIdentifier>{725343be-040a-4940-9a3f-368b383838a4}</UniqueIdentifier>
    </Filter>
    <Filter Include="5.dp问题\3.计数类DP">
      <UniqueIdentifier>{39f88c56-8362-4d19-a7c5-2f29a117dac2}</UniqueIdentifier>
    </Filter>
    <Filter Include="5.dp问题\4.数位统计DP">
      <UniqueIdentifier>{44b9dd68-2765-42f3-b9f8-58104d5846ab}</UniqueIdentifier>
    </Filter>
    <Filter Include="5.dp问题\5.状态压缩DP">
      <UniqueIdentifier>{2dd24351-f355-4804-b8c6-4de9068ca06e}</UniqueIdentifier>
    </Filter>
    <Filter Include="5.dp问题\6.树形DP">
      <UniqueIdentifier>{e9e3d3d0-933c-4233-a876-91649f4e5d9b}</UniqueIdentifier>
    </Filter>
    <Filter Include="5.dp问题\7.记忆化搜索">
      <UniqueIdentifier>{f3ecb782-4331-445e-86d6-858c87b06bd5}</UniqueIdentifier>
    </Filter>
    <Filter Include="5.dp问题\2.区间DP">
      <UniqueIdentifier>{9fc5c493-0c4c-43d8-b8bf-211c545c38f8}</UniqueIdentifier>
    </Filter>
  </ItemGroup>
  <ItemGroup>
    <ClCompile Include="滑动窗口问题\sliding_window_template.c">
      <Filter>8.滑动窗口问题</Filter>
    </ClCompile>
    <ClCompile Include="滑动窗口问题\3.无重复字符的最长子串.cpp">
      <Filter>8.滑动窗口问题</Filter>
    </ClCompile>
    <ClCompile Include="滑动窗口问题\438. 找到字符串中所有字母异位词.cpp">
      <Filter>8.滑动窗口问题</Filter>
    </ClCompile>
    <ClCompile Include="滑动窗口问题\76. 最小覆盖子串.cpp">
      <Filter>8.滑动窗口问题</Filter>
    </ClCompile>
    <ClCompile Include="滑动窗口问题\567.字符串的排列.cpp">
      <Filter>8.滑动窗口问题</Filter>
    </ClCompile>
    <ClCompile Include="滑动窗口问题\992. K 个不同整数的子数组.cpp">
      <Filter>8.滑动窗口问题</Filter>
    </ClCompile>
    <ClCompile Include="搜索问题\DFSTemplate.cpp">
      <Filter>4.搜索问题</Filter>
    </ClCompile>
    <ClCompile Include="搜索问题\BFSTemplate.cpp">
      <Filter>4.搜索问题</Filter>
    </ClCompile>
    <ClCompile Include="搜索问题\695. 岛屿的最大面积.cpp">
      <Filter>4.搜索问题</Filter>
    </ClCompile>
    <ClCompile Include="搜索问题\200.岛屿数量.cpp">
      <Filter>4.搜索问题</Filter>
    </ClCompile>
    <ClCompile Include="并查集\547.朋友圈.cpp">
      <Filter>7.并查集</Filter>
    </ClCompile>
    <ClCompile Include="并查集\130. 被围绕的区域.cpp">
      <Filter>4.搜索问题</Filter>
    </ClCompile>
    <ClCompile Include="搜索问题\417. 太平洋大西洋水流问题.cpp">
      <Filter>4.搜索问题</Filter>
    </ClCompile>
    <ClCompile Include="搜索问题\回溯问题\BacktrackingTemplate.cpp">
      <Filter>4.搜索问题\回溯问题</Filter>
    </ClCompile>
    <ClCompile Include="字典树\trieTemplate.cpp">
      <Filter>12.字典树</Filter>
    </ClCompile>
    <ClCompile Include="字典树\211. 添加与搜索单词 - 数据结构设计.cpp">
      <Filter>12.字典树</Filter>
    </ClCompile>
    <ClCompile Include="字典树\212. 单词搜索 II.cpp">
      <Filter>12.字典树</Filter>
    </ClCompile>
    <ClCompile Include="链表\237.删除链表中的节点.cpp">
      <Filter>1.链表</Filter>
    </ClCompile>
    <ClCompile Include="链表\m18.删除链表中的节点(给的是节点值).cpp">
      <Filter>1.链表</Filter>
    </ClCompile>
    <ClCompile Include="82.删除排序链表中的重复元素(只返回不重复的).cpp">
      <Filter>1.链表</Filter>
    </ClCompile>
    <ClCompile Include="树\二叉搜索树\1.修剪二叉树-hard.cpp">
      <Filter>2.树\二叉搜索树</Filter>
    </ClCompile>
    <ClCompile Include="树\二叉搜索树\2. 寻找二叉查找树的第 k 个元素.cpp">
      <Filter>2.树\二叉搜索树</Filter>
    </ClCompile>
    <ClCompile Include="树\二叉搜索树\3. 把二叉查找树每个节点的值都加上比它大的节点的值.cpp">
      <Filter>2.树\二叉搜索树</Filter>
    </ClCompile>
    <ClCompile Include="树\二叉搜索树\4.二叉查找树的最近公共祖先.cpp">
      <Filter>2.树\二叉搜索树</Filter>
    </ClCompile>
    <ClCompile Include="树\二叉搜索树\6.从有序数组中构造二叉查找树.cpp">
      <Filter>2.树\二叉搜索树</Filter>
    </ClCompile>
    <ClCompile Include="树\二叉搜索树\7. 根据有序链表构造平衡的二叉查找树.cpp">
      <Filter>2.树\二叉搜索树</Filter>
    </ClCompile>
    <ClCompile Include="树\二叉搜索树\8. 在二叉查找树中寻找两个节点，使它们的和为一个给定值.cpp">
      <Filter>2.树\二叉搜索树</Filter>
    </ClCompile>
    <ClCompile Include="树\二叉搜索树\9. 二叉搜索树的最小绝对差.cpp">
      <Filter>2.树\二叉搜索树</Filter>
    </ClCompile>
    <ClCompile Include="树\二叉搜索树\10. 二叉搜索树中的众数.cpp">
      <Filter>2.树\二叉搜索树</Filter>
    </ClCompile>
    <ClCompile Include="图\1.节点间通路.cpp">
      <Filter>3.图</Filter>
    </ClCompile>
    <ClCompile Include="图\2.判断二分图.cpp">
      <Filter>3.图</Filter>
    </ClCompile>
    <ClCompile Include="图\5.在图中寻找最小高度树.cpp">
      <Filter>3.图</Filter>
    </ClCompile>
    <ClCompile Include="图\拓扑排序\4.课程表II.cpp">
      <Filter>3.图\拓扑排序</Filter>
    </ClCompile>
    <ClCompile Include="图\拓扑排序\1.课程表I有向无环图判断.cpp">
      <Filter>3.图\拓扑排序</Filter>
    </ClCompile>
    <ClCompile Include="图\欧拉路径\1.重新安排行程-机场排序问题.cpp">
      <Filter>3.图\欧拉路径</Filter>
    </ClCompile>
    <ClCompile Include="动态规划\5.最长的回文子串.cpp">
      <Filter>5.dp问题</Filter>
    </ClCompile>
    <ClCompile Include="字符串\8.将一个字符串转换为一个整数.cpp">
      <Filter>0.字符串</Filter>
    </ClCompile>
    <ClCompile Include="链表\19.删除链表的倒数第N个节点.cpp">
      <Filter>1.链表</Filter>
    </ClCompile>
    <ClCompile Include="数学问题\判断某个点是否在三角形内部.cpp">
      <Filter>9.数学问题</Filter>
    </ClCompile>
    <ClCompile Include="搜索问题\17. 电话号码的字母组合.cpp">
      <Filter>4.搜索问题</Filter>
    </ClCompile>
    <ClCompile Include="搜索问题\994. 腐烂的橘子.cpp">
      <Filter>4.搜索问题</Filter>
    </ClCompile>
    <ClCompile Include="搜索问题\22.括号生成问题.cpp">
      <Filter>4.搜索问题</Filter>
    </ClCompile>
    <ClCompile Include="搜索问题\46.不重复数字的全排列.cpp">
      <Filter>4.搜索问题\回溯问题</Filter>
    </ClCompile>
    <ClCompile Include="链表\206反转链表.cpp">
      <Filter>1.链表</Filter>
    </ClCompile>
    <ClCompile Include="链表\2.链表两数相加.cpp">
      <Filter>1.链表</Filter>
    </ClCompile>
    <ClCompile Include="双指针问题\1.在数组中查找两数之和为sum.cpp">
      <Filter>11.双指针法</Filter>
    </ClCompile>
    <ClCompile Include="动态规划\剑指offer42.连续子数组的最大和.cpp">
      <Filter>5.dp问题</Filter>
    </ClCompile>
    <ClCompile Include="链表\234.判断一个链表是否是回文链表.cpp">
      <Filter>1.链表</Filter>
    </ClCompile>
    <ClCompile Include="链表\奇数升序偶数降序的链表重新升序.cpp">
      <Filter>1.链表</Filter>
    </ClCompile>
    <ClCompile Include="数组问题\41.数组中第一个缺失的正整数.cpp">
      <Filter>10.数组问题</Filter>
    </ClCompile>
    <ClCompile Include="数组问题\面01.07.旋转矩阵.cpp">
      <Filter>10.数组问题</Filter>
    </ClCompile>
    <ClCompile Include="链表\25.k个一组反转链表.cpp">
      <Filter>1.链表</Filter>
    </ClCompile>
    <ClCompile Include="位运算\1.判断一个数中1的个数.cpp">
      <Filter>13.位运算</Filter>
    </ClCompile>
    <ClCompile Include="位运算\461. 汉明距离.cpp">
      <Filter>13.位运算</Filter>
    </ClCompile>
    <ClCompile Include="数组问题\34.在排序数组中查找元素的第一个和最后一个位置.cpp">
      <Filter>10.数组问题</Filter>
    </ClCompile>
    <ClCompile Include="双指针问题\15.三数之和-medium.cpp">
      <Filter>11.双指针法</Filter>
    </ClCompile>
    <ClCompile Include="树\平衡二叉树\2. 平衡二叉树.cpp">
      <Filter>2.树\平衡二叉树</Filter>
    </ClCompile>
    <ClCompile Include="树\平衡二叉树\108.无序数组变为平衡二叉树.cpp">
      <Filter>2.树\平衡二叉树</Filter>
    </ClCompile>
    <ClCompile Include="双指针问题\209.长度最小的子数组.cpp">
      <Filter>11.双指针法</Filter>
    </ClCompile>
    <ClCompile Include="链表\52.两个链表的第一个公共节点.cpp">
      <Filter>1.链表</Filter>
    </ClCompile>
    <ClCompile Include="树\二叉树\7.统计路径和等于一个数的路径数量.cpp">
      <Filter>2.树\二叉树</Filter>
    </ClCompile>
    <ClCompile Include="树\二叉树\8. 另一个树的子树.cpp">
      <Filter>2.树\二叉树</Filter>
    </ClCompile>
    <ClCompile Include="树\二叉树\9. 对称二叉树.cpp">
      <Filter>2.树\二叉树</Filter>
    </ClCompile>
    <ClCompile Include="树\二叉树\10.最小路径.cpp">
      <Filter>2.树\二叉树</Filter>
    </ClCompile>
    <ClCompile Include="树\二叉树\11.统计左叶子节点的和.cpp">
      <Filter>2.树\二叉树</Filter>
    </ClCompile>
    <ClCompile Include="树\二叉树\12.相同节点值的最大路径.cpp">
      <Filter>2.树\二叉树</Filter>
    </ClCompile>
    <ClCompile Include="树\二叉树\13.二叉树打家劫舍.cpp">
      <Filter>2.树\二叉树</Filter>
    </ClCompile>
    <ClCompile Include="树\二叉树\14.找出二叉树中第二小的节点.cpp">
      <Filter>2.树\二叉树</Filter>
    </ClCompile>
    <ClCompile Include="树\二叉树\124.二叉树中的最大路径和.cpp">
      <Filter>2.树\二叉树</Filter>
    </ClCompile>
    <ClCompile Include="树\二叉树\662.二叉树的最大宽度.cpp">
      <Filter>2.树\二叉树</Filter>
    </ClCompile>
    <ClCompile Include="树\二叉树\编程之美3.8二叉树两个节点间的最大距离.cpp">
      <Filter>2.树\二叉树</Filter>
    </ClCompile>
    <ClCompile Include="树\二叉树的遍历\101.判断一个二叉树是否是对称的-新浪手撕.cpp">
      <Filter>2.树\二叉树的遍历</Filter>
    </ClCompile>
    <ClCompile Include="树\二叉树的遍历\S型打印二叉树-两个双端队列.cpp">
      <Filter>2.树\二叉树的遍历</Filter>
    </ClCompile>
    <ClCompile Include="树\二叉树的遍历\层次遍历.二叉树每一层的平均值.cpp">
      <Filter>2.树\二叉树的遍历</Filter>
    </ClCompile>
    <ClCompile Include="树\二叉树的遍历\层次遍历.二叉树左下角的值.cpp">
      <Filter>2.树\二叉树的遍历</Filter>
    </ClCompile>
    <ClCompile Include="树\二叉树的遍历\非递归后序遍历.cpp">
      <Filter>2.树\二叉树的遍历</Filter>
    </ClCompile>
    <ClCompile Include="树\二叉树的遍历\非递归前序遍历.cpp">
      <Filter>2.树\二叉树的遍历</Filter>
    </ClCompile>
    <ClCompile Include="树\二叉树的遍历\非递归中序遍历.cpp">
      <Filter>2.树\二叉树的遍历</Filter>
    </ClCompile>
    <ClCompile Include="树\二叉树\二叉树的最近公共祖先-迭代法.cpp">
      <Filter>2.树\二叉树</Filter>
    </ClCompile>
    <ClCompile Include="树\二叉树的序列化\二叉树的序列化与反序列化.cpp">
      <Filter>2.树\二叉树的序列化</Filter>
    </ClCompile>
    <ClCompile Include="树\二叉树\104. 二叉树的最大深度.cpp">
      <Filter>2.树\二叉树</Filter>
    </ClCompile>
    <ClCompile Include="树\二叉树\543. 二叉树的直径%28两个节点间的最大距离%29.cpp">
      <Filter>2.树\二叉树</Filter>
    </ClCompile>
    <ClCompile Include="树\二叉树\226. 翻转二叉树.cpp">
      <Filter>2.树\二叉树</Filter>
    </ClCompile>
    <ClCompile Include="树\二叉树\617.合并两棵树.cpp">
      <Filter>2.树\二叉树</Filter>
    </ClCompile>
    <ClCompile Include="树\二叉树\112.从根节点到叶子节点的路径总和.cpp">
      <Filter>2.树\二叉树</Filter>
    </ClCompile>
    <ClCompile Include="链表\141.判断一个链表中是否有环.cpp">
      <Filter>1.链表</Filter>
    </ClCompile>
    <ClCompile Include="位运算\ac89.求快速幂的方法.cpp">
      <Filter>13.位运算</Filter>
    </ClCompile>
    <ClCompile Include="动态规划\股票问题\121.买卖股票的最佳时机-只能买卖一次.cpp">
      <Filter>5.dp问题\股票问题</Filter>
    </ClCompile>
    <ClCompile Include="14.二分查找\4.寻找两个正序数组的中位数.cpp">
      <Filter>14.二分查找</Filter>
    </ClCompile>
    <ClCompile Include="动态规划\背包问题\完全背包.cpp">
      <Filter>5.dp问题\背包问题</Filter>
    </ClCompile>
    <ClCompile Include="动态规划\背包问题\01背包.cpp">
      <Filter>5.dp问题\背包问题</Filter>
    </ClCompile>
    <ClCompile Include="动态规划\背包问题\多重背包.cpp">
      <Filter>5.dp问题\背包问题</Filter>
    </ClCompile>
    <ClCompile Include="动态规划\背包问题\分组背包.cpp">
      <Filter>5.dp问题\背包问题</Filter>
    </ClCompile>
    <ClCompile Include="动态规划\线性DP\数字三角形.cpp">
      <Filter>5.dp问题\1.线性DP</Filter>
    </ClCompile>
    <ClCompile Include="动态规划\线性DP\最长上升子序列问题.cpp">
      <Filter>5.dp问题\1.线性DP</Filter>
    </ClCompile>
  </ItemGroup>
  <ItemGroup>
    <None Include="树\二叉树的遍历\树的遍历.md">
      <Filter>2.树\二叉树的遍历</Filter>
    </None>
  </ItemGroup>
</Project>