<?xml version="1.0" encoding="utf-8"?>
<Project ToolsVersion="4.0" xmlns="http://schemas.microsoft.com/developer/msbuild/2003">
  <ItemGroup>
    <Filter Include="滑动窗口问题">
      <UniqueIdentifier>{545b3251-8643-4cfb-a2e4-ad93d2fcea40}</UniqueIdentifier>
    </Filter>
    <Filter Include="搜索问题">
      <UniqueIdentifier>{4f75fd83-d763-4309-9632-99f092e3da1f}</UniqueIdentifier>
    </Filter>
    <Filter Include="并查集">
      <UniqueIdentifier>{952accc8-9248-4228-b375-9d4197660074}</UniqueIdentifier>
    </Filter>
  </ItemGroup>
  <ItemGroup>
    <ClCompile Include="滑动窗口问题\sliding_window_template.c">
      <Filter>滑动窗口问题</Filter>
    </ClCompile>
    <ClCompile Include="滑动窗口问题\3.无重复字符的最长子串.cpp">
      <Filter>滑动窗口问题</Filter>
    </ClCompile>
    <ClCompile Include="滑动窗口问题\438. 找到字符串中所有字母异位词.cpp">
      <Filter>滑动窗口问题</Filter>
    </ClCompile>
    <ClCompile Include="滑动窗口问题\76. 最小覆盖子串.cpp">
      <Filter>滑动窗口问题</Filter>
    </ClCompile>
    <ClCompile Include="滑动窗口问题\567.字符串的排列.cpp">
      <Filter>滑动窗口问题</Filter>
    </ClCompile>
    <ClCompile Include="滑动窗口问题\992. K 个不同整数的子数组.cpp">
      <Filter>滑动窗口问题</Filter>
    </ClCompile>
    <ClCompile Include="搜索问题\DFSTemplate.cpp">
      <Filter>搜索问题</Filter>
    </ClCompile>
    <ClCompile Include="搜索问题\BFSTemplate.cpp">
      <Filter>搜索问题</Filter>
    </ClCompile>
    <ClCompile Include="搜索问题\695. 岛屿的最大面积.cpp">
      <Filter>搜索问题</Filter>
    </ClCompile>
    <ClCompile Include="搜索问题\200.岛屿数量.cpp">
      <Filter>搜索问题</Filter>
    </ClCompile>
    <ClCompile Include="并查集\547.朋友圈.cpp">
      <Filter>并查集</Filter>
    </ClCompile>
    <ClCompile Include="并查集\130. 被围绕的区域.cpp">
      <Filter>搜索问题</Filter>
    </ClCompile>
  </ItemGroup>
</Project>